// !$*UTF8*$!
{
	archiveVersion = 1;
	classes = {
	};
	objectVersion = 56;
	objects = {

/* Begin PBXBuildFile section */
		100000000000000000000101 /* FeedmanApp.swift in Sources */ = {isa = PBXBuildFile; fileRef = 100000000000000000000201 /* FeedmanApp.swift */; };
		100000000000000000000102 /* AppEnvironment.swift in Sources */ = {isa = PBXBuildFile; fileRef = 100000000000000000000202 /* AppEnvironment.swift */; };
		100000000000000000000103 /* Models.swift in Sources */ = {isa = PBXBuildFile; fileRef = 100000000000000000000203 /* Models.swift */; };
		100000000000000000000104 /* FeedRepository.swift in Sources */ = {isa = PBXBuildFile; fileRef = 100000000000000000000204 /* FeedRepository.swift */; };
		100000000000000000000105 /* FeedmanTheme.swift in Sources */ = {isa = PBXBuildFile; fileRef = 100000000000000000000205 /* FeedmanTheme.swift */; };
		100000000000000000000106 /* RootView.swift in Sources */ = {isa = PBXBuildFile; fileRef = 100000000000000000000206 /* RootView.swift */; };
		100000000000000000000107 /* Assets.xcassets in Resources */ = {isa = PBXBuildFile; fileRef = 100000000000000000000207 /* Assets.xcassets */; };
		100000000000000000000108 /* Preview Assets.xcassets in Resources */ = {isa = PBXBuildFile; fileRef = 100000000000000000000208 /* Preview Assets.xcassets */; };
		100000000000000000000109 /* FeedmanTests.swift in Sources */ = {isa = PBXBuildFile; fileRef = 100000000000000000000209 /* FeedmanTests.swift */; };
		100000000000000000000110 /* APIModels.swift in Sources */ = {isa = PBXBuildFile; fileRef = 100000000000000000000212 /* APIModels.swift */; };
		100000000000000000000111 /* APIDomainModelDecodeTests.swift in Sources */ = {isa = PBXBuildFile; fileRef = 100000000000000000000213 /* APIDomainModelDecodeTests.swift */; };
		100000000000000000000112 /* item_summary_nullable_favicon.json in Resources */ = {isa = PBXBuildFile; fileRef = 100000000000000000000214 /* item_summary_nullable_favicon.json */; };
		100000000000000000000113 /* subscription_error_status.json in Resources */ = {isa = PBXBuildFile; fileRef = 100000000000000000000215 /* subscription_error_status.json */; };
		100000000000000000000114 /* item_search_hit_nullable.json in Resources */ = {isa = PBXBuildFile; fileRef = 100000000000000000000216 /* item_search_hit_nullable.json */; };
		100000000000000000000115 /* paginated_items_end.json in Resources */ = {isa = PBXBuildFile; fileRef = 100000000000000000000217 /* paginated_items_end.json */; };
		100000000000000000000116 /* cross_feed_items_since_time.json in Resources */ = {isa = PBXBuildFile; fileRef = 100000000000000000000218 /* cross_feed_items_since_time.json */; };
		100000000000000000000117 /* feedman_error_cooldown.json in Resources */ = {isa = PBXBuildFile; fileRef = 100000000000000000000219 /* feedman_error_cooldown.json */; };
		100000000000000000000118 /* feed_registration_response.json in Resources */ = {isa = PBXBuildFile; fileRef = 100000000000000000000220 /* feed_registration_response.json */; };
		100000000000000000000119 /* PKCE.swift in Sources */ = {isa = PBXBuildFile; fileRef = 100000000000000000000221 /* PKCE.swift */; };
		100000000000000000000120 /* AuthCallbackParser.swift in Sources */ = {isa = PBXBuildFile; fileRef = 100000000000000000000222 /* AuthCallbackParser.swift */; };
		100000000000000000000121 /* PKCETests.swift in Sources */ = {isa = PBXBuildFile; fileRef = 100000000000000000000223 /* PKCETests.swift */; };
		100000000000000000000122 /* AuthCallbackParserTests.swift in Sources */ = {isa = PBXBuildFile; fileRef = 100000000000000000000224 /* AuthCallbackParserTests.swift */; };
		100000000000000000000123 /* TokenStore.swift in Sources */ = {isa = PBXBuildFile; fileRef = 100000000000000000000225 /* TokenStore.swift */; };
		100000000000000000000124 /* TokenStoreTests.swift in Sources */ = {isa = PBXBuildFile; fileRef = 100000000000000000000226 /* TokenStoreTests.swift */; };
		100000000000000000000125 /* APIError.swift in Sources */ = {isa = PBXBuildFile; fileRef = 100000000000000000000227 /* APIError.swift */; };
		100000000000000000000126 /* APIResponseDecoderTests.swift in Sources */ = {isa = PBXBuildFile; fileRef = 100000000000000000000228 /* APIResponseDecoderTests.swift */; };
		100000000000000000000127 /* APIClient.swift in Sources */ = {isa = PBXBuildFile; fileRef = 100000000000000000000229 /* APIClient.swift */; };
		100000000000000000000128 /* APIClientTests.swift in Sources */ = {isa = PBXBuildFile; fileRef = 100000000000000000000230 /* APIClientTests.swift */; };
		100000000000000000000129 /* CursorPaginationState.swift in Sources */ = {isa = PBXBuildFile; fileRef = 100000000000000000000231 /* CursorPaginationState.swift */; };
		100000000000000000000130 /* CursorPaginationStateTests.swift in Sources */ = {isa = PBXBuildFile; fileRef = 100000000000000000000232 /* CursorPaginationStateTests.swift */; };
		100000000000000000000131 /* FeedmanFaviconView.swift in Sources */ = {isa = PBXBuildFile; fileRef = 100000000000000000000233 /* FeedmanFaviconView.swift */; };
		100000000000000000000132 /* FeedmanFaviconViewTests.swift in Sources */ = {isa = PBXBuildFile; fileRef = 100000000000000000000234 /* FeedmanFaviconViewTests.swift */; };
		100000000000000000000133 /* SharedPrimitives.swift in Sources */ = {isa = PBXBuildFile; fileRef = 100000000000000000000235 /* SharedPrimitives.swift */; };
		100000000000000000000134 /* ArticleMetadataControls.swift in Sources */ = {isa = PBXBuildFile; fileRef = 100000000000000000000236 /* ArticleMetadataControls.swift */; };
		100000000000000000000135 /* ArticleMetadataControlsTests.swift in Sources */ = {isa = PBXBuildFile; fileRef = 100000000000000000000237 /* ArticleMetadataControlsTests.swift */; };
		100000000000000000000136 /* AppShellState.swift in Sources */ = {isa = PBXBuildFile; fileRef = 100000000000000000000238 /* AppShellState.swift */; };
		100000000000000000000137 /* AppShellStateTests.swift in Sources */ = {isa = PBXBuildFile; fileRef = 100000000000000000000239 /* AppShellStateTests.swift */; };
		100000000000000000000138 /* AppShellDrawerFeedState.swift in Sources */ = {isa = PBXBuildFile; fileRef = 100000000000000000000240 /* AppShellDrawerFeedState.swift */; };
		100000000000000000000139 /* AppShellDrawerFeedStateTests.swift in Sources */ = {isa = PBXBuildFile; fileRef = 100000000000000000000241 /* AppShellDrawerFeedStateTests.swift */; };
		100000000000000000000140 /* AuthRepository.swift in Sources */ = {isa = PBXBuildFile; fileRef = 100000000000000000000242 /* AuthRepository.swift */; };
		100000000000000000000141 /* AuthRepositoryTests.swift in Sources */ = {isa = PBXBuildFile; fileRef = 100000000000000000000243 /* AuthRepositoryTests.swift */; };
		100000000000000000000142 /* LoginViewModel.swift in Sources */ = {isa = PBXBuildFile; fileRef = 100000000000000000000244 /* LoginViewModel.swift */; };
		100000000000000000000143 /* LoginView.swift in Sources */ = {isa = PBXBuildFile; fileRef = 100000000000000000000245 /* LoginView.swift */; };
		100000000000000000000144 /* WebAuthenticationSessionCoordinator.swift in Sources */ = {isa = PBXBuildFile; fileRef = 100000000000000000000246 /* WebAuthenticationSessionCoordinator.swift */; };
		100000000000000000000145 /* LoginViewModelTests.swift in Sources */ = {isa = PBXBuildFile; fileRef = 100000000000000000000247 /* LoginViewModelTests.swift */; };
		100000000000000000000146 /* ItemRepositoryTests.swift in Sources */ = {isa = PBXBuildFile; fileRef = 100000000000000000000249 /* ItemRepositoryTests.swift */; };
		100000000000000000000147 /* CrossFeedRepositoryTests.swift in Sources */ = {isa = PBXBuildFile; fileRef = 100000000000000000000250 /* CrossFeedRepositoryTests.swift */; };
		100000000000000000000148 /* AppEnvironmentSessionRestoreTests.swift in Sources */ = {isa = PBXBuildFile; fileRef = 100000000000000000000251 /* AppEnvironmentSessionRestoreTests.swift */; };
		100000000000000000000149 /* AccountRepository.swift in Sources */ = {isa = PBXBuildFile; fileRef = 100000000000000000000252 /* AccountRepository.swift */; };
		100000000000000000000150 /* AccountViewModel.swift in Sources */ = {isa = PBXBuildFile; fileRef = 100000000000000000000253 /* AccountViewModel.swift */; };
		100000000000000000000151 /* AccountView.swift in Sources */ = {isa = PBXBuildFile; fileRef = 100000000000000000000254 /* AccountView.swift */; };
		100000000000000000000152 /* AccountViewModelTests.swift in Sources */ = {isa = PBXBuildFile; fileRef = 100000000000000000000255 /* AccountViewModelTests.swift */; };
		100000000000000000000153 /* AccountRepositoryTests.swift in Sources */ = {isa = PBXBuildFile; fileRef = 100000000000000000000256 /* AccountRepositoryTests.swift */; };
		100000000000000000000154 /* SearchRepository.swift in Sources */ = {isa = PBXBuildFile; fileRef = 100000000000000000000257 /* SearchRepository.swift */; };
		100000000000000000000155 /* GlobalSearchViewModel.swift in Sources */ = {isa = PBXBuildFile; fileRef = 100000000000000000000258 /* GlobalSearchViewModel.swift */; };
		100000000000000000000156 /* GlobalSearchView.swift in Sources */ = {isa = PBXBuildFile; fileRef = 100000000000000000000259 /* GlobalSearchView.swift */; };
		100000000000000000000158 /* SearchRepositoryTests.swift in Sources */ = {isa = PBXBuildFile; fileRef = 100000000000000000000261 /* SearchRepositoryTests.swift */; };
		100000000000000000000157 /* GlobalSearchViewModelTests.swift in Sources */ = {isa = PBXBuildFile; fileRef = 100000000000000000000260 /* GlobalSearchViewModelTests.swift */; };
		100000000000000000000159 /* RegisterFeedViewModel.swift in Sources */ = {isa = PBXBuildFile; fileRef = 100000000000000000000262 /* RegisterFeedViewModel.swift */; };
		100000000000000000000160 /* RegisterFeedSheet.swift in Sources */ = {isa = PBXBuildFile; fileRef = 100000000000000000000263 /* RegisterFeedSheet.swift */; };
		100000000000000000000161 /* FeedRegistrationRepositoryTests.swift in Sources */ = {isa = PBXBuildFile; fileRef = 100000000000000000000264 /* FeedRegistrationRepositoryTests.swift */; };
		100000000000000000000162 /* RegisterFeedViewModelTests.swift in Sources */ = {isa = PBXBuildFile; fileRef = 100000000000000000000265 /* RegisterFeedViewModelTests.swift */; };
		100000000000000000000163 /* TimelineViewModel.swift in Sources */ = {isa = PBXBuildFile; fileRef = 100000000000000000000266 /* TimelineViewModel.swift */; };
		100000000000000000000164 /* TimelineView.swift in Sources */ = {isa = PBXBuildFile; fileRef = 100000000000000000000267 /* TimelineView.swift */; };
		100000000000000000000165 /* TimelineViewModelTests.swift in Sources */ = {isa = PBXBuildFile; fileRef = 100000000000000000000268 /* TimelineViewModelTests.swift */; };
		100000000000000000000166 /* FeedViewModel.swift in Sources */ = {isa = PBXBuildFile; fileRef = 100000000000000000000269 /* FeedViewModel.swift */; };
		100000000000000000000167 /* FeedView.swift in Sources */ = {isa = PBXBuildFile; fileRef = 100000000000000000000270 /* FeedView.swift */; };
		100000000000000000000168 /* FeedViewModelTests.swift in Sources */ = {isa = PBXBuildFile; fileRef = 100000000000000000000271 /* FeedViewModelTests.swift */; };
		100000000000000000000169 /* ArticleDetailViewModel.swift in Sources */ = {isa = PBXBuildFile; fileRef = 100000000000000000000272 /* ArticleDetailViewModel.swift */; };
		100000000000000000000170 /* ArticleDetailSheet.swift in Sources */ = {isa = PBXBuildFile; fileRef = 100000000000000000000273 /* ArticleDetailSheet.swift */; };
		100000000000000000000171 /* ArticleDetailViewModelTests.swift in Sources */ = {isa = PBXBuildFile; fileRef = 100000000000000000000274 /* ArticleDetailViewModelTests.swift */; };
		100000000000000000000180 /* ArticleDetailSafariView.swift in Sources */ = {isa = PBXBuildFile; fileRef = 100000000000000000000279 /* ArticleDetailSafariView.swift */; };
		100000000000000000000172 /* SubscriptionSettingsViewModel.swift in Sources */ = {isa = PBXBuildFile; fileRef = 100000000000000000000275 /* SubscriptionSettingsViewModel.swift */; };
		100000000000000000000173 /* SubscriptionSettingsSheet.swift in Sources */ = {isa = PBXBuildFile; fileRef = 100000000000000000000276 /* SubscriptionSettingsSheet.swift */; };
		100000000000000000000174 /* SubscriptionActionRepositoryTests.swift in Sources */ = {isa = PBXBuildFile; fileRef = 100000000000000000000277 /* SubscriptionActionRepositoryTests.swift */; };
		100000000000000000000175 /* SubscriptionSettingsViewModelTests.swift in Sources */ = {isa = PBXBuildFile; fileRef = 100000000000000000000278 /* SubscriptionSettingsViewModelTests.swift */; };
		100000000000000000000181 /* ItemStateCoordinator.swift in Sources */ = {isa = PBXBuildFile; fileRef = 100000000000000000000280 /* ItemStateCoordinator.swift */; };
		100000000000000000000182 /* ItemStateCoordinatorTests.swift in Sources */ = {isa = PBXBuildFile; fileRef = 100000000000000000000281 /* ItemStateCoordinatorTests.swift */; };
		100000000000000000000183 /* StarredViewModel.swift in Sources */ = {isa = PBXBuildFile; fileRef = 100000000000000000000282 /* StarredViewModel.swift */; };
		100000000000000000000184 /* StarredView.swift in Sources */ = {isa = PBXBuildFile; fileRef = 100000000000000000000283 /* StarredView.swift */; };
		100000000000000000000185 /* StarredViewModelTests.swift in Sources */ = {isa = PBXBuildFile; fileRef = 100000000000000000000284 /* StarredViewModelTests.swift */; };
		100000000000000000000186 /* DeviceRegistrationRepository.swift in Sources */ = {isa = PBXBuildFile; fileRef = 100000000000000000000285 /* DeviceRegistrationRepository.swift */; };
		100000000000000000000187 /* NotificationPermissionCoordinator.swift in Sources */ = {isa = PBXBuildFile; fileRef = 100000000000000000000286 /* NotificationPermissionCoordinator.swift */; };
		100000000000000000000188 /* APNsDeviceRegistrationService.swift in Sources */ = {isa = PBXBuildFile; fileRef = 100000000000000000000287 /* APNsDeviceRegistrationService.swift */; };
		100000000000000000000189 /* DeviceRegistrationRepositoryTests.swift in Sources */ = {isa = PBXBuildFile; fileRef = 100000000000000000000288 /* DeviceRegistrationRepositoryTests.swift */; };
		100000000000000000000190 /* NotificationPermissionCoordinatorTests.swift in Sources */ = {isa = PBXBuildFile; fileRef = 100000000000000000000289 /* NotificationPermissionCoordinatorTests.swift */; };
		100000000000000000000191 /* APNsDeviceRegistrationServiceTests.swift in Sources */ = {isa = PBXBuildFile; fileRef = 100000000000000000000290 /* APNsDeviceRegistrationServiceTests.swift */; };
		100000000000000000000192 /* AppEnvironmentLogoutTests.swift in Sources */ = {isa = PBXBuildFile; fileRef = 100000000000000000000291 /* AppEnvironmentLogoutTests.swift */; };
		100000000000000000000193 /* KeywordRepository.swift in Sources */ = {isa = PBXBuildFile; fileRef = 100000000000000000000292 /* KeywordRepository.swift */; };
		100000000000000000000194 /* KeywordRepositoryTests.swift in Sources */ = {isa = PBXBuildFile; fileRef = 100000000000000000000293 /* KeywordRepositoryTests.swift */; };
		100000000000000000000195 /* KeywordSettingsViewModel.swift in Sources */ = {isa = PBXBuildFile; fileRef = 100000000000000000000294 /* KeywordSettingsViewModel.swift */; };
		100000000000000000000196 /* KeywordSettingsViewModelTests.swift in Sources */ = {isa = PBXBuildFile; fileRef = 100000000000000000000295 /* KeywordSettingsViewModelTests.swift */; };
		100000000000000000000197 /* KeywordSettingsSheet.swift in Sources */ = {isa = PBXBuildFile; fileRef = 100000000000000000000296 /* KeywordSettingsSheet.swift */; };
/* End PBXBuildFile section */

/* Begin PBXContainerItemProxy section */
		100000000000000000000301 /* PBXContainerItemProxy */ = {
			isa = PBXContainerItemProxy;
			containerPortal = 100000000000000000000001 /* Project object */;
			proxyType = 1;
			remoteGlobalIDString = 100000000000000000000401;
			remoteInfo = Feedman;
		};
/* End PBXContainerItemProxy section */

/* Begin PBXFileReference section */
		100000000000000000000201 /* FeedmanApp.swift */ = {isa = PBXFileReference; lastKnownFileType = sourcecode.swift; path = FeedmanApp.swift; sourceTree = "<group>"; };
		100000000000000000000202 /* AppEnvironment.swift */ = {isa = PBXFileReference; lastKnownFileType = sourcecode.swift; path = AppEnvironment.swift; sourceTree = "<group>"; };
		100000000000000000000203 /* Models.swift */ = {isa = PBXFileReference; lastKnownFileType = sourcecode.swift; path = Models.swift; sourceTree = "<group>"; };
		100000000000000000000204 /* FeedRepository.swift */ = {isa = PBXFileReference; lastKnownFileType = sourcecode.swift; path = FeedRepository.swift; sourceTree = "<group>"; };
		100000000000000000000205 /* FeedmanTheme.swift */ = {isa = PBXFileReference; lastKnownFileType = sourcecode.swift; path = FeedmanTheme.swift; sourceTree = "<group>"; };
		100000000000000000000206 /* RootView.swift */ = {isa = PBXFileReference; lastKnownFileType = sourcecode.swift; path = RootView.swift; sourceTree = "<group>"; };
		100000000000000000000207 /* Assets.xcassets */ = {isa = PBXFileReference; lastKnownFileType = folder.assetcatalog; path = Assets.xcassets; sourceTree = "<group>"; };
		100000000000000000000208 /* Preview Assets.xcassets */ = {isa = PBXFileReference; lastKnownFileType = folder.assetcatalog; path = "Preview Assets.xcassets"; sourceTree = "<group>"; };
		100000000000000000000209 /* FeedmanTests.swift */ = {isa = PBXFileReference; lastKnownFileType = sourcecode.swift; path = FeedmanTests.swift; sourceTree = "<group>"; };
		100000000000000000000210 /* Feedman.app */ = {isa = PBXFileReference; explicitFileType = wrapper.application; includeInIndex = 0; path = Feedman.app; sourceTree = BUILT_PRODUCTS_DIR; };
		100000000000000000000211 /* FeedmanTests.xctest */ = {isa = PBXFileReference; explicitFileType = wrapper.cfbundle; includeInIndex = 0; path = FeedmanTests.xctest; sourceTree = BUILT_PRODUCTS_DIR; };
		100000000000000000000212 /* APIModels.swift */ = {isa = PBXFileReference; lastKnownFileType = sourcecode.swift; path = APIModels.swift; sourceTree = "<group>"; };
		100000000000000000000213 /* APIDomainModelDecodeTests.swift */ = {isa = PBXFileReference; lastKnownFileType = sourcecode.swift; path = APIDomainModelDecodeTests.swift; sourceTree = "<group>"; };
		100000000000000000000214 /* item_summary_nullable_favicon.json */ = {isa = PBXFileReference; lastKnownFileType = text.json; path = item_summary_nullable_favicon.json; sourceTree = "<group>"; };
		100000000000000000000215 /* subscription_error_status.json */ = {isa = PBXFileReference; lastKnownFileType = text.json; path = subscription_error_status.json; sourceTree = "<group>"; };
		100000000000000000000216 /* item_search_hit_nullable.json */ = {isa = PBXFileReference; lastKnownFileType = text.json; path = item_search_hit_nullable.json; sourceTree = "<group>"; };
		100000000000000000000217 /* paginated_items_end.json */ = {isa = PBXFileReference; lastKnownFileType = text.json; path = paginated_items_end.json; sourceTree = "<group>"; };
		100000000000000000000218 /* cross_feed_items_since_time.json */ = {isa = PBXFileReference; lastKnownFileType = text.json; path = cross_feed_items_since_time.json; sourceTree = "<group>"; };
		100000000000000000000219 /* feedman_error_cooldown.json */ = {isa = PBXFileReference; lastKnownFileType = text.json; path = feedman_error_cooldown.json; sourceTree = "<group>"; };
		100000000000000000000220 /* feed_registration_response.json */ = {isa = PBXFileReference; lastKnownFileType = text.json; path = feed_registration_response.json; sourceTree = "<group>"; };
		100000000000000000000221 /* PKCE.swift */ = {isa = PBXFileReference; lastKnownFileType = sourcecode.swift; path = PKCE.swift; sourceTree = "<group>"; };
		100000000000000000000222 /* AuthCallbackParser.swift */ = {isa = PBXFileReference; lastKnownFileType = sourcecode.swift; path = AuthCallbackParser.swift; sourceTree = "<group>"; };
		100000000000000000000223 /* PKCETests.swift */ = {isa = PBXFileReference; lastKnownFileType = sourcecode.swift; path = PKCETests.swift; sourceTree = "<group>"; };
		100000000000000000000224 /* AuthCallbackParserTests.swift */ = {isa = PBXFileReference; lastKnownFileType = sourcecode.swift; path = AuthCallbackParserTests.swift; sourceTree = "<group>"; };
		100000000000000000000225 /* TokenStore.swift */ = {isa = PBXFileReference; lastKnownFileType = sourcecode.swift; path = TokenStore.swift; sourceTree = "<group>"; };
		100000000000000000000226 /* TokenStoreTests.swift */ = {isa = PBXFileReference; lastKnownFileType = sourcecode.swift; path = TokenStoreTests.swift; sourceTree = "<group>"; };
		100000000000000000000227 /* APIError.swift */ = {isa = PBXFileReference; lastKnownFileType = sourcecode.swift; path = APIError.swift; sourceTree = "<group>"; };
		100000000000000000000228 /* APIResponseDecoderTests.swift */ = {isa = PBXFileReference; lastKnownFileType = sourcecode.swift; path = APIResponseDecoderTests.swift; sourceTree = "<group>"; };
		100000000000000000000229 /* APIClient.swift */ = {isa = PBXFileReference; lastKnownFileType = sourcecode.swift; path = APIClient.swift; sourceTree = "<group>"; };
		100000000000000000000230 /* APIClientTests.swift */ = {isa = PBXFileReference; lastKnownFileType = sourcecode.swift; path = APIClientTests.swift; sourceTree = "<group>"; };
		100000000000000000000231 /* CursorPaginationState.swift */ = {isa = PBXFileReference; lastKnownFileType = sourcecode.swift; path = CursorPaginationState.swift; sourceTree = "<group>"; };
		100000000000000000000232 /* CursorPaginationStateTests.swift */ = {isa = PBXFileReference; lastKnownFileType = sourcecode.swift; path = CursorPaginationStateTests.swift; sourceTree = "<group>"; };
		100000000000000000000233 /* FeedmanFaviconView.swift */ = {isa = PBXFileReference; lastKnownFileType = sourcecode.swift; path = FeedmanFaviconView.swift; sourceTree = "<group>"; };
		100000000000000000000234 /* FeedmanFaviconViewTests.swift */ = {isa = PBXFileReference; lastKnownFileType = sourcecode.swift; path = FeedmanFaviconViewTests.swift; sourceTree = "<group>"; };
		100000000000000000000235 /* SharedPrimitives.swift */ = {isa = PBXFileReference; lastKnownFileType = sourcecode.swift; path = SharedPrimitives.swift; sourceTree = "<group>"; };
		100000000000000000000236 /* ArticleMetadataControls.swift */ = {isa = PBXFileReference; lastKnownFileType = sourcecode.swift; path = ArticleMetadataControls.swift; sourceTree = "<group>"; };
		100000000000000000000237 /* ArticleMetadataControlsTests.swift */ = {isa = PBXFileReference; lastKnownFileType = sourcecode.swift; path = ArticleMetadataControlsTests.swift; sourceTree = "<group>"; };
		100000000000000000000238 /* AppShellState.swift */ = {isa = PBXFileReference; lastKnownFileType = sourcecode.swift; path = AppShellState.swift; sourceTree = "<group>"; };
		100000000000000000000239 /* AppShellStateTests.swift */ = {isa = PBXFileReference; lastKnownFileType = sourcecode.swift; path = AppShellStateTests.swift; sourceTree = "<group>"; };
		100000000000000000000240 /* AppShellDrawerFeedState.swift */ = {isa = PBXFileReference; lastKnownFileType = sourcecode.swift; path = AppShellDrawerFeedState.swift; sourceTree = "<group>"; };
		100000000000000000000241 /* AppShellDrawerFeedStateTests.swift */ = {isa = PBXFileReference; lastKnownFileType = sourcecode.swift; path = AppShellDrawerFeedStateTests.swift; sourceTree = "<group>"; };
		100000000000000000000242 /* AuthRepository.swift */ = {isa = PBXFileReference; lastKnownFileType = sourcecode.swift; path = AuthRepository.swift; sourceTree = "<group>"; };
		100000000000000000000243 /* AuthRepositoryTests.swift */ = {isa = PBXFileReference; lastKnownFileType = sourcecode.swift; path = AuthRepositoryTests.swift; sourceTree = "<group>"; };
		100000000000000000000244 /* LoginViewModel.swift */ = {isa = PBXFileReference; lastKnownFileType = sourcecode.swift; path = LoginViewModel.swift; sourceTree = "<group>"; };
		100000000000000000000245 /* LoginView.swift */ = {isa = PBXFileReference; lastKnownFileType = sourcecode.swift; path = LoginView.swift; sourceTree = "<group>"; };
		100000000000000000000246 /* WebAuthenticationSessionCoordinator.swift */ = {isa = PBXFileReference; lastKnownFileType = sourcecode.swift; path = WebAuthenticationSessionCoordinator.swift; sourceTree = "<group>"; };
		100000000000000000000247 /* LoginViewModelTests.swift */ = {isa = PBXFileReference; lastKnownFileType = sourcecode.swift; path = LoginViewModelTests.swift; sourceTree = "<group>"; };
		100000000000000000000248 /* Info.plist */ = {isa = PBXFileReference; lastKnownFileType = text.plist.xml; path = Info.plist; sourceTree = "<group>"; };
		100000000000000000000249 /* ItemRepositoryTests.swift */ = {isa = PBXFileReference; lastKnownFileType = sourcecode.swift; path = ItemRepositoryTests.swift; sourceTree = "<group>"; };
		100000000000000000000250 /* CrossFeedRepositoryTests.swift */ = {isa = PBXFileReference; lastKnownFileType = sourcecode.swift; path = CrossFeedRepositoryTests.swift; sourceTree = "<group>"; };
		100000000000000000000251 /* AppEnvironmentSessionRestoreTests.swift */ = {isa = PBXFileReference; lastKnownFileType = sourcecode.swift; path = AppEnvironmentSessionRestoreTests.swift; sourceTree = "<group>"; };
		100000000000000000000252 /* AccountRepository.swift */ = {isa = PBXFileReference; lastKnownFileType = sourcecode.swift; path = AccountRepository.swift; sourceTree = "<group>"; };
		100000000000000000000253 /* AccountViewModel.swift */ = {isa = PBXFileReference; lastKnownFileType = sourcecode.swift; path = AccountViewModel.swift; sourceTree = "<group>"; };
		100000000000000000000254 /* AccountView.swift */ = {isa = PBXFileReference; lastKnownFileType = sourcecode.swift; path = AccountView.swift; sourceTree = "<group>"; };
		100000000000000000000255 /* AccountViewModelTests.swift */ = {isa = PBXFileReference; lastKnownFileType = sourcecode.swift; path = AccountViewModelTests.swift; sourceTree = "<group>"; };
		100000000000000000000256 /* AccountRepositoryTests.swift */ = {isa = PBXFileReference; lastKnownFileType = sourcecode.swift; path = AccountRepositoryTests.swift; sourceTree = "<group>"; };
		100000000000000000000257 /* SearchRepository.swift */ = {isa = PBXFileReference; lastKnownFileType = sourcecode.swift; path = SearchRepository.swift; sourceTree = "<group>"; };
		100000000000000000000258 /* GlobalSearchViewModel.swift */ = {isa = PBXFileReference; lastKnownFileType = sourcecode.swift; path = GlobalSearchViewModel.swift; sourceTree = "<group>"; };
		100000000000000000000259 /* GlobalSearchView.swift */ = {isa = PBXFileReference; lastKnownFileType = sourcecode.swift; path = GlobalSearchView.swift; sourceTree = "<group>"; };
		100000000000000000000261 /* SearchRepositoryTests.swift */ = {isa = PBXFileReference; lastKnownFileType = sourcecode.swift; path = SearchRepositoryTests.swift; sourceTree = "<group>"; };
		100000000000000000000260 /* GlobalSearchViewModelTests.swift */ = {isa = PBXFileReference; lastKnownFileType = sourcecode.swift; path = GlobalSearchViewModelTests.swift; sourceTree = "<group>"; };
		100000000000000000000262 /* RegisterFeedViewModel.swift */ = {isa = PBXFileReference; lastKnownFileType = sourcecode.swift; path = RegisterFeedViewModel.swift; sourceTree = "<group>"; };
		100000000000000000000263 /* RegisterFeedSheet.swift */ = {isa = PBXFileReference; lastKnownFileType = sourcecode.swift; path = RegisterFeedSheet.swift; sourceTree = "<group>"; };
		100000000000000000000264 /* FeedRegistrationRepositoryTests.swift */ = {isa = PBXFileReference; lastKnownFileType = sourcecode.swift; path = FeedRegistrationRepositoryTests.swift; sourceTree = "<group>"; };
		100000000000000000000265 /* RegisterFeedViewModelTests.swift */ = {isa = PBXFileReference; lastKnownFileType = sourcecode.swift; path = RegisterFeedViewModelTests.swift; sourceTree = "<group>"; };
		100000000000000000000266 /* TimelineViewModel.swift */ = {isa = PBXFileReference; lastKnownFileType = sourcecode.swift; path = TimelineViewModel.swift; sourceTree = "<group>"; };
		100000000000000000000267 /* TimelineView.swift */ = {isa = PBXFileReference; lastKnownFileType = sourcecode.swift; path = TimelineView.swift; sourceTree = "<group>"; };
		100000000000000000000268 /* TimelineViewModelTests.swift */ = {isa = PBXFileReference; lastKnownFileType = sourcecode.swift; path = TimelineViewModelTests.swift; sourceTree = "<group>"; };
		100000000000000000000269 /* FeedViewModel.swift */ = {isa = PBXFileReference; lastKnownFileType = sourcecode.swift; path = FeedViewModel.swift; sourceTree = "<group>"; };
		100000000000000000000270 /* FeedView.swift */ = {isa = PBXFileReference; lastKnownFileType = sourcecode.swift; path = FeedView.swift; sourceTree = "<group>"; };
		100000000000000000000271 /* FeedViewModelTests.swift */ = {isa = PBXFileReference; lastKnownFileType = sourcecode.swift; path = FeedViewModelTests.swift; sourceTree = "<group>"; };
		100000000000000000000272 /* ArticleDetailViewModel.swift */ = {isa = PBXFileReference; lastKnownFileType = sourcecode.swift; path = ArticleDetailViewModel.swift; sourceTree = "<group>"; };
		100000000000000000000273 /* ArticleDetailSheet.swift */ = {isa = PBXFileReference; lastKnownFileType = sourcecode.swift; path = ArticleDetailSheet.swift; sourceTree = "<group>"; };
		100000000000000000000274 /* ArticleDetailViewModelTests.swift */ = {isa = PBXFileReference; lastKnownFileType = sourcecode.swift; path = ArticleDetailViewModelTests.swift; sourceTree = "<group>"; };
		100000000000000000000279 /* ArticleDetailSafariView.swift */ = {isa = PBXFileReference; lastKnownFileType = sourcecode.swift; path = ArticleDetailSafariView.swift; sourceTree = "<group>"; };
		100000000000000000000275 /* SubscriptionSettingsViewModel.swift */ = {isa = PBXFileReference; lastKnownFileType = sourcecode.swift; path = SubscriptionSettingsViewModel.swift; sourceTree = "<group>"; };
		100000000000000000000276 /* SubscriptionSettingsSheet.swift */ = {isa = PBXFileReference; lastKnownFileType = sourcecode.swift; path = SubscriptionSettingsSheet.swift; sourceTree = "<group>"; };
		100000000000000000000277 /* SubscriptionActionRepositoryTests.swift */ = {isa = PBXFileReference; lastKnownFileType = sourcecode.swift; path = SubscriptionActionRepositoryTests.swift; sourceTree = "<group>"; };
		100000000000000000000278 /* SubscriptionSettingsViewModelTests.swift */ = {isa = PBXFileReference; lastKnownFileType = sourcecode.swift; path = SubscriptionSettingsViewModelTests.swift; sourceTree = "<group>"; };
		100000000000000000000280 /* ItemStateCoordinator.swift */ = {isa = PBXFileReference; lastKnownFileType = sourcecode.swift; path = ItemStateCoordinator.swift; sourceTree = "<group>"; };
		100000000000000000000281 /* ItemStateCoordinatorTests.swift */ = {isa = PBXFileReference; lastKnownFileType = sourcecode.swift; path = ItemStateCoordinatorTests.swift; sourceTree = "<group>"; };
		100000000000000000000282 /* StarredViewModel.swift */ = {isa = PBXFileReference; lastKnownFileType = sourcecode.swift; path = StarredViewModel.swift; sourceTree = "<group>"; };
		100000000000000000000283 /* StarredView.swift */ = {isa = PBXFileReference; lastKnownFileType = sourcecode.swift; path = StarredView.swift; sourceTree = "<group>"; };
		100000000000000000000284 /* StarredViewModelTests.swift */ = {isa = PBXFileReference; lastKnownFileType = sourcecode.swift; path = StarredViewModelTests.swift; sourceTree = "<group>"; };
		100000000000000000000285 /* DeviceRegistrationRepository.swift */ = {isa = PBXFileReference; lastKnownFileType = sourcecode.swift; path = DeviceRegistrationRepository.swift; sourceTree = "<group>"; };
		100000000000000000000286 /* NotificationPermissionCoordinator.swift */ = {isa = PBXFileReference; lastKnownFileType = sourcecode.swift; path = NotificationPermissionCoordinator.swift; sourceTree = "<group>"; };
		100000000000000000000287 /* APNsDeviceRegistrationService.swift */ = {isa = PBXFileReference; lastKnownFileType = sourcecode.swift; path = APNsDeviceRegistrationService.swift; sourceTree = "<group>"; };
		100000000000000000000288 /* DeviceRegistrationRepositoryTests.swift */ = {isa = PBXFileReference; lastKnownFileType = sourcecode.swift; path = DeviceRegistrationRepositoryTests.swift; sourceTree = "<group>"; };
		100000000000000000000289 /* NotificationPermissionCoordinatorTests.swift */ = {isa = PBXFileReference; lastKnownFileType = sourcecode.swift; path = NotificationPermissionCoordinatorTests.swift; sourceTree = "<group>"; };
		100000000000000000000290 /* APNsDeviceRegistrationServiceTests.swift */ = {isa = PBXFileReference; lastKnownFileType = sourcecode.swift; path = APNsDeviceRegistrationServiceTests.swift; sourceTree = "<group>"; };
		100000000000000000000291 /* AppEnvironmentLogoutTests.swift */ = {isa = PBXFileReference; lastKnownFileType = sourcecode.swift; path = AppEnvironmentLogoutTests.swift; sourceTree = "<group>"; };
		100000000000000000000292 /* KeywordRepository.swift */ = {isa = PBXFileReference; lastKnownFileType = sourcecode.swift; path = KeywordRepository.swift; sourceTree = "<group>"; };
		100000000000000000000293 /* KeywordRepositoryTests.swift */ = {isa = PBXFileReference; lastKnownFileType = sourcecode.swift; path = KeywordRepositoryTests.swift; sourceTree = "<group>"; };
		100000000000000000000294 /* KeywordSettingsViewModel.swift */ = {isa = PBXFileReference; lastKnownFileType = sourcecode.swift; path = KeywordSettingsViewModel.swift; sourceTree = "<group>"; };
		100000000000000000000295 /* KeywordSettingsViewModelTests.swift */ = {isa = PBXFileReference; lastKnownFileType = sourcecode.swift; path = KeywordSettingsViewModelTests.swift; sourceTree = "<group>"; };
		100000000000000000000296 /* KeywordSettingsSheet.swift */ = {isa = PBXFileReference; lastKnownFileType = sourcecode.swift; path = KeywordSettingsSheet.swift; sourceTree = "<group>"; };
/* End PBXFileReference section */

/* Begin PBXFrameworksBuildPhase section */
		100000000000000000000501 /* Frameworks */ = {
			isa = PBXFrameworksBuildPhase;
			buildActionMask = 2147483647;
			files = (
			);
			runOnlyForDeploymentPostprocessing = 0;
		};
		100000000000000000000502 /* Frameworks */ = {
			isa = PBXFrameworksBuildPhase;
			buildActionMask = 2147483647;
			files = (
			);
			runOnlyForDeploymentPostprocessing = 0;
		};
/* End PBXFrameworksBuildPhase section */

/* Begin PBXGroup section */
		100000000000000000000601 = {
			isa = PBXGroup;
			children = (
				100000000000000000000602 /* Feedman */,
				100000000000000000000603 /* FeedmanTests */,
				100000000000000000000604 /* Products */,
			);
			sourceTree = "<group>";
		};
		100000000000000000000602 /* Feedman */ = {
			isa = PBXGroup;
			children = (
				100000000000000000000201 /* FeedmanApp.swift */,
				100000000000000000000248 /* Info.plist */,
				100000000000000000000605 /* Core */,
				100000000000000000000606 /* DesignSystem */,
				100000000000000000000607 /* Features */,
				100000000000000000000207 /* Assets.xcassets */,
				100000000000000000000608 /* Preview Content */,
			);
			path = Feedman;
			sourceTree = "<group>";
		};
		100000000000000000000603 /* FeedmanTests */ = {
			isa = PBXGroup;
			children = (
				100000000000000000000209 /* FeedmanTests.swift */,
				100000000000000000000239 /* AppShellStateTests.swift */,
				100000000000000000000241 /* AppShellDrawerFeedStateTests.swift */,
				100000000000000000000243 /* AuthRepositoryTests.swift */,
				100000000000000000000256 /* AccountRepositoryTests.swift */,
				100000000000000000000255 /* AccountViewModelTests.swift */,
				100000000000000000000247 /* LoginViewModelTests.swift */,
				100000000000000000000213 /* APIDomainModelDecodeTests.swift */,
				100000000000000000000228 /* APIResponseDecoderTests.swift */,
				100000000000000000000230 /* APIClientTests.swift */,
				100000000000000000000249 /* ItemRepositoryTests.swift */,
				100000000000000000000250 /* CrossFeedRepositoryTests.swift */,
				100000000000000000000251 /* AppEnvironmentSessionRestoreTests.swift */,
				100000000000000000000291 /* AppEnvironmentLogoutTests.swift */,
				100000000000000000000261 /* SearchRepositoryTests.swift */,
				100000000000000000000260 /* GlobalSearchViewModelTests.swift */,
				100000000000000000000264 /* FeedRegistrationRepositoryTests.swift */,
				100000000000000000000265 /* RegisterFeedViewModelTests.swift */,
				100000000000000000000281 /* ItemStateCoordinatorTests.swift */,
				100000000000000000000268 /* TimelineViewModelTests.swift */,
				100000000000000000000271 /* FeedViewModelTests.swift */,
				100000000000000000000284 /* StarredViewModelTests.swift */,
				100000000000000000000274 /* ArticleDetailViewModelTests.swift */,
				100000000000000000000277 /* SubscriptionActionRepositoryTests.swift */,
				100000000000000000000278 /* SubscriptionSettingsViewModelTests.swift */,
				100000000000000000000288 /* DeviceRegistrationRepositoryTests.swift */,
				100000000000000000000293 /* KeywordRepositoryTests.swift */,
				100000000000000000000295 /* KeywordSettingsViewModelTests.swift */,
				100000000000000000000289 /* NotificationPermissionCoordinatorTests.swift */,
				100000000000000000000290 /* APNsDeviceRegistrationServiceTests.swift */,
				100000000000000000000232 /* CursorPaginationStateTests.swift */,
				100000000000000000000234 /* FeedmanFaviconViewTests.swift */,
				100000000000000000000237 /* ArticleMetadataControlsTests.swift */,
				100000000000000000000223 /* PKCETests.swift */,
				100000000000000000000224 /* AuthCallbackParserTests.swift */,
				100000000000000000000226 /* TokenStoreTests.swift */,
				100000000000000000000610 /* Fixtures */,
			);
			path = FeedmanTests;
			sourceTree = "<group>";
		};
		100000000000000000000604 /* Products */ = {
			isa = PBXGroup;
			children = (
				100000000000000000000210 /* Feedman.app */,
				100000000000000000000211 /* FeedmanTests.xctest */,
			);
			name = Products;
			sourceTree = "<group>";
		};
		100000000000000000000605 /* Core */ = {
			isa = PBXGroup;
			children = (
				100000000000000000000202 /* AppEnvironment.swift */,
				100000000000000000000203 /* Models.swift */,
				100000000000000000000212 /* APIModels.swift */,
				100000000000000000000227 /* APIError.swift */,
				100000000000000000000229 /* APIClient.swift */,
				100000000000000000000612 /* Pagination */,
				100000000000000000000621 /* State */,
				100000000000000000000611 /* Auth */,
				100000000000000000000204 /* FeedRepository.swift */,
				100000000000000000000252 /* AccountRepository.swift */,
				100000000000000000000257 /* SearchRepository.swift */,
				100000000000000000000285 /* DeviceRegistrationRepository.swift */,
				100000000000000000000292 /* KeywordRepository.swift */,
			);
			path = Core;
			sourceTree = "<group>";
		};
		100000000000000000000606 /* DesignSystem */ = {
			isa = PBXGroup;
			children = (
				100000000000000000000205 /* FeedmanTheme.swift */,
				100000000000000000000233 /* FeedmanFaviconView.swift */,
				100000000000000000000235 /* SharedPrimitives.swift */,
				100000000000000000000236 /* ArticleMetadataControls.swift */,
			);
			path = DesignSystem;
			sourceTree = "<group>";
		};
		100000000000000000000607 /* Features */ = {
			isa = PBXGroup;
			children = (
				100000000000000000000609 /* AppShell */,
				100000000000000000000614 /* Account */,
				100000000000000000000613 /* Login */,
				100000000000000000000615 /* Search */,
				100000000000000000000616 /* RegisterFeed */,
				100000000000000000000617 /* Timeline */,
				100000000000000000000618 /* Feeds */,
				100000000000000000000622 /* Starred */,
				100000000000000000000619 /* ArticleDetail */,
				100000000000000000000620 /* Subscriptions */,
				100000000000000000000623 /* Notifications */,
			);
			path = Features;
			sourceTree = "<group>";
		};
		100000000000000000000608 /* Preview Content */ = {
			isa = PBXGroup;
			children = (
				100000000000000000000208 /* Preview Assets.xcassets */,
			);
			path = "Preview Content";
			sourceTree = "<group>";
		};
		100000000000000000000609 /* AppShell */ = {
			isa = PBXGroup;
			children = (
				100000000000000000000238 /* AppShellState.swift */,
				100000000000000000000240 /* AppShellDrawerFeedState.swift */,
				100000000000000000000206 /* RootView.swift */,
			);
			path = AppShell;
			sourceTree = "<group>";
		};
		100000000000000000000610 /* Fixtures */ = {
			isa = PBXGroup;
			children = (
				100000000000000000000214 /* item_summary_nullable_favicon.json */,
				100000000000000000000215 /* subscription_error_status.json */,
				100000000000000000000216 /* item_search_hit_nullable.json */,
				100000000000000000000217 /* paginated_items_end.json */,
				100000000000000000000218 /* cross_feed_items_since_time.json */,
				100000000000000000000219 /* feedman_error_cooldown.json */,
				100000000000000000000220 /* feed_registration_response.json */,
			);
			path = Fixtures;
			sourceTree = "<group>";
		};
		100000000000000000000611 /* Auth */ = {
			isa = PBXGroup;
			children = (
				100000000000000000000221 /* PKCE.swift */,
				100000000000000000000222 /* AuthCallbackParser.swift */,
				100000000000000000000225 /* TokenStore.swift */,
				100000000000000000000242 /* AuthRepository.swift */,
			);
			path = Auth;
			sourceTree = "<group>";
		};
		100000000000000000000612 /* Pagination */ = {
			isa = PBXGroup;
			children = (
				100000000000000000000231 /* CursorPaginationState.swift */,
			);
			path = Pagination;
			sourceTree = "<group>";
		};
		100000000000000000000613 /* Login */ = {
			isa = PBXGroup;
			children = (
				100000000000000000000244 /* LoginViewModel.swift */,
				100000000000000000000245 /* LoginView.swift */,
				100000000000000000000246 /* WebAuthenticationSessionCoordinator.swift */,
			);
			path = Login;
			sourceTree = "<group>";
		};
		100000000000000000000614 /* Account */ = {
			isa = PBXGroup;
			children = (
				100000000000000000000253 /* AccountViewModel.swift */,
				100000000000000000000254 /* AccountView.swift */,
			);
			path = Account;
			sourceTree = "<group>";
		};
		100000000000000000000615 /* Search */ = {
			isa = PBXGroup;
			children = (
				100000000000000000000258 /* GlobalSearchViewModel.swift */,
				100000000000000000000259 /* GlobalSearchView.swift */,
			);
			path = Search;
			sourceTree = "<group>";
		};
		100000000000000000000616 /* RegisterFeed */ = {
			isa = PBXGroup;
			children = (
				100000000000000000000262 /* RegisterFeedViewModel.swift */,
				100000000000000000000263 /* RegisterFeedSheet.swift */,
			);
			path = RegisterFeed;
			sourceTree = "<group>";
		};
		100000000000000000000617 /* Timeline */ = {
			isa = PBXGroup;
			children = (
				100000000000000000000266 /* TimelineViewModel.swift */,
				100000000000000000000267 /* TimelineView.swift */,
			);
			path = Timeline;
			sourceTree = "<group>";
		};
		100000000000000000000618 /* Feeds */ = {
			isa = PBXGroup;
			children = (
				100000000000000000000269 /* FeedViewModel.swift */,
				100000000000000000000270 /* FeedView.swift */,
			);
			path = Feeds;
			sourceTree = "<group>";
		};
		100000000000000000000622 /* Starred */ = {
			isa = PBXGroup;
			children = (
				100000000000000000000282 /* StarredViewModel.swift */,
				100000000000000000000283 /* StarredView.swift */,
			);
			path = Starred;
			sourceTree = "<group>";
		};
		100000000000000000000619 /* ArticleDetail */ = {
			isa = PBXGroup;
			children = (
				100000000000000000000272 /* ArticleDetailViewModel.swift */,
				100000000000000000000273 /* ArticleDetailSheet.swift */,
				100000000000000000000279 /* ArticleDetailSafariView.swift */,
			);
			path = ArticleDetail;
			sourceTree = "<group>";
		};
		100000000000000000000620 /* Subscriptions */ = {
			isa = PBXGroup;
			children = (
				100000000000000000000275 /* SubscriptionSettingsViewModel.swift */,
				100000000000000000000276 /* SubscriptionSettingsSheet.swift */,
			);
			path = Subscriptions;
			sourceTree = "<group>";
		};
		100000000000000000000621 /* State */ = {
			isa = PBXGroup;
			children = (
				100000000000000000000280 /* ItemStateCoordinator.swift */,
			);
			path = State;
			sourceTree = "<group>";
		};
		100000000000000000000623 /* Notifications */ = {
			isa = PBXGroup;
			children = (
				100000000000000000000286 /* NotificationPermissionCoordinator.swift */,
				100000000000000000000287 /* APNsDeviceRegistrationService.swift */,
				100000000000000000000294 /* KeywordSettingsViewModel.swift */,
				100000000000000000000296 /* KeywordSettingsSheet.swift */,
			);
			path = Notifications;
			sourceTree = "<group>";
		};
/* End PBXGroup section */

/* Begin PBXNativeTarget section */
		100000000000000000000401 /* Feedman */ = {
			isa = PBXNativeTarget;
			buildConfigurationList = 100000000000000000000701 /* Build configuration list for PBXNativeTarget "Feedman" */;
			buildPhases = (
				100000000000000000000801 /* Sources */,
				100000000000000000000501 /* Frameworks */,
				100000000000000000000802 /* Resources */,
			);
			buildRules = (
			);
			dependencies = (
			);
			name = Feedman;
			productName = Feedman;
			productReference = 100000000000000000000210 /* Feedman.app */;
			productType = "com.apple.product-type.application";
		};
		100000000000000000000402 /* FeedmanTests */ = {
			isa = PBXNativeTarget;
			buildConfigurationList = 100000000000000000000702 /* Build configuration list for PBXNativeTarget "FeedmanTests" */;
			buildPhases = (
				100000000000000000000803 /* Sources */,
				100000000000000000000502 /* Frameworks */,
				100000000000000000000804 /* Resources */,
			);
			buildRules = (
			);
			dependencies = (
				100000000000000000000901 /* PBXTargetDependency */,
			);
			name = FeedmanTests;
			productName = FeedmanTests;
			productReference = 100000000000000000000211 /* FeedmanTests.xctest */;
			productType = "com.apple.product-type.bundle.unit-test";
		};
/* End PBXNativeTarget section */

/* Begin PBXProject section */
		100000000000000000000001 /* Project object */ = {
			isa = PBXProject;
			attributes = {
				BuildIndependentTargetsInParallel = 1;
				LastSwiftUpdateCheck = 1600;
				LastUpgradeCheck = 1600;
				TargetAttributes = {
					100000000000000000000401 = {
						CreatedOnToolsVersion = 16.0;
					};
					100000000000000000000402 = {
						CreatedOnToolsVersion = 16.0;
						TestTargetID = 100000000000000000000401;
					};
				};
			};
			buildConfigurationList = 100000000000000000000703 /* Build configuration list for PBXProject "Feedman" */;
			compatibilityVersion = "Xcode 14.0";
			developmentRegion = ja;
			hasScannedForEncodings = 0;
			knownRegions = (
				ja,
				en,
				Base,
			);
			mainGroup = 100000000000000000000601;
			productRefGroup = 100000000000000000000604 /* Products */;
			projectDirPath = "";
			projectRoot = "";
			targets = (
				100000000000000000000401 /* Feedman */,
				100000000000000000000402 /* FeedmanTests */,
			);
		};
/* End PBXProject section */

/* Begin PBXResourcesBuildPhase section */
		100000000000000000000802 /* Resources */ = {
			isa = PBXResourcesBuildPhase;
			buildActionMask = 2147483647;
			files = (
				100000000000000000000107 /* Assets.xcassets in Resources */,
				100000000000000000000108 /* Preview Assets.xcassets in Resources */,
			);
			runOnlyForDeploymentPostprocessing = 0;
		};
		100000000000000000000804 /* Resources */ = {
			isa = PBXResourcesBuildPhase;
			buildActionMask = 2147483647;
			files = (
				100000000000000000000112 /* item_summary_nullable_favicon.json in Resources */,
				100000000000000000000113 /* subscription_error_status.json in Resources */,
				100000000000000000000114 /* item_search_hit_nullable.json in Resources */,
				100000000000000000000115 /* paginated_items_end.json in Resources */,
				100000000000000000000116 /* cross_feed_items_since_time.json in Resources */,
				100000000000000000000117 /* feedman_error_cooldown.json in Resources */,
				100000000000000000000118 /* feed_registration_response.json in Resources */,
			);
			runOnlyForDeploymentPostprocessing = 0;
		};
/* End PBXResourcesBuildPhase section */

/* Begin PBXSourcesBuildPhase section */
		100000000000000000000801 /* Sources */ = {
			isa = PBXSourcesBuildPhase;
			buildActionMask = 2147483647;
			files = (
				100000000000000000000101 /* FeedmanApp.swift in Sources */,
				100000000000000000000102 /* AppEnvironment.swift in Sources */,
				100000000000000000000103 /* Models.swift in Sources */,
				100000000000000000000110 /* APIModels.swift in Sources */,
				100000000000000000000125 /* APIError.swift in Sources */,
				100000000000000000000127 /* APIClient.swift in Sources */,
				100000000000000000000186 /* DeviceRegistrationRepository.swift in Sources */,
				100000000000000000000129 /* CursorPaginationState.swift in Sources */,
				100000000000000000000181 /* ItemStateCoordinator.swift in Sources */,
				100000000000000000000119 /* PKCE.swift in Sources */,
				100000000000000000000120 /* AuthCallbackParser.swift in Sources */,
				100000000000000000000123 /* TokenStore.swift in Sources */,
				100000000000000000000140 /* AuthRepository.swift in Sources */,
				100000000000000000000104 /* FeedRepository.swift in Sources */,
				100000000000000000000149 /* AccountRepository.swift in Sources */,
				100000000000000000000154 /* SearchRepository.swift in Sources */,
				100000000000000000000105 /* FeedmanTheme.swift in Sources */,
				100000000000000000000131 /* FeedmanFaviconView.swift in Sources */,
				100000000000000000000133 /* SharedPrimitives.swift in Sources */,
				100000000000000000000134 /* ArticleMetadataControls.swift in Sources */,
				100000000000000000000136 /* AppShellState.swift in Sources */,
				100000000000000000000138 /* AppShellDrawerFeedState.swift in Sources */,
				100000000000000000000106 /* RootView.swift in Sources */,
				100000000000000000000150 /* AccountViewModel.swift in Sources */,
				100000000000000000000151 /* AccountView.swift in Sources */,
				100000000000000000000142 /* LoginViewModel.swift in Sources */,
				100000000000000000000143 /* LoginView.swift in Sources */,
				100000000000000000000144 /* WebAuthenticationSessionCoordinator.swift in Sources */,
				100000000000000000000155 /* GlobalSearchViewModel.swift in Sources */,
				100000000000000000000156 /* GlobalSearchView.swift in Sources */,
				100000000000000000000159 /* RegisterFeedViewModel.swift in Sources */,
				100000000000000000000160 /* RegisterFeedSheet.swift in Sources */,
				100000000000000000000163 /* TimelineViewModel.swift in Sources */,
				100000000000000000000164 /* TimelineView.swift in Sources */,
				100000000000000000000166 /* FeedViewModel.swift in Sources */,
				100000000000000000000167 /* FeedView.swift in Sources */,
				100000000000000000000183 /* StarredViewModel.swift in Sources */,
				100000000000000000000184 /* StarredView.swift in Sources */,
				100000000000000000000169 /* ArticleDetailViewModel.swift in Sources */,
				100000000000000000000170 /* ArticleDetailSheet.swift in Sources */,
				100000000000000000000180 /* ArticleDetailSafariView.swift in Sources */,
				100000000000000000000172 /* SubscriptionSettingsViewModel.swift in Sources */,
				100000000000000000000173 /* SubscriptionSettingsSheet.swift in Sources */,
				100000000000000000000187 /* NotificationPermissionCoordinator.swift in Sources */,
				100000000000000000000188 /* APNsDeviceRegistrationService.swift in Sources */,
				100000000000000000000193 /* KeywordRepository.swift in Sources */,
				100000000000000000000195 /* KeywordSettingsViewModel.swift in Sources */,
				100000000000000000000197 /* KeywordSettingsSheet.swift in Sources */,
			);
			runOnlyForDeploymentPostprocessing = 0;
		};
		100000000000000000000803 /* Sources */ = {
			isa = PBXSourcesBuildPhase;
			buildActionMask = 2147483647;
			files = (
				100000000000000000000109 /* FeedmanTests.swift in Sources */,
				100000000000000000000137 /* AppShellStateTests.swift in Sources */,
				100000000000000000000139 /* AppShellDrawerFeedStateTests.swift in Sources */,
				100000000000000000000141 /* AuthRepositoryTests.swift in Sources */,
				100000000000000000000153 /* AccountRepositoryTests.swift in Sources */,
				100000000000000000000152 /* AccountViewModelTests.swift in Sources */,
				100000000000000000000111 /* APIDomainModelDecodeTests.swift in Sources */,
				100000000000000000000126 /* APIResponseDecoderTests.swift in Sources */,
				100000000000000000000128 /* APIClientTests.swift in Sources */,
				100000000000000000000146 /* ItemRepositoryTests.swift in Sources */,
				100000000000000000000130 /* CursorPaginationStateTests.swift in Sources */,
				100000000000000000000132 /* FeedmanFaviconViewTests.swift in Sources */,
				100000000000000000000135 /* ArticleMetadataControlsTests.swift in Sources */,
				100000000000000000000121 /* PKCETests.swift in Sources */,
				100000000000000000000122 /* AuthCallbackParserTests.swift in Sources */,
				100000000000000000000124 /* TokenStoreTests.swift in Sources */,
				100000000000000000000145 /* LoginViewModelTests.swift in Sources */,
				100000000000000000000147 /* CrossFeedRepositoryTests.swift in Sources */,
				100000000000000000000148 /* AppEnvironmentSessionRestoreTests.swift in Sources */,
				100000000000000000000158 /* SearchRepositoryTests.swift in Sources */,
				100000000000000000000157 /* GlobalSearchViewModelTests.swift in Sources */,
				100000000000000000000161 /* FeedRegistrationRepositoryTests.swift in Sources */,
				100000000000000000000162 /* RegisterFeedViewModelTests.swift in Sources */,
				100000000000000000000182 /* ItemStateCoordinatorTests.swift in Sources */,
				100000000000000000000165 /* TimelineViewModelTests.swift in Sources */,
				100000000000000000000168 /* FeedViewModelTests.swift in Sources */,
				100000000000000000000185 /* StarredViewModelTests.swift in Sources */,
				100000000000000000000171 /* ArticleDetailViewModelTests.swift in Sources */,
				100000000000000000000174 /* SubscriptionActionRepositoryTests.swift in Sources */,
				100000000000000000000175 /* SubscriptionSettingsViewModelTests.swift in Sources */,
				100000000000000000000189 /* DeviceRegistrationRepositoryTests.swift in Sources */,
				100000000000000000000194 /* KeywordRepositoryTests.swift in Sources */,
				100000000000000000000196 /* KeywordSettingsViewModelTests.swift in Sources */,
				100000000000000000000190 /* NotificationPermissionCoordinatorTests.swift in Sources */,
				100000000000000000000191 /* APNsDeviceRegistrationServiceTests.swift in Sources */,
				100000000000000000000192 /* AppEnvironmentLogoutTests.swift in Sources */,
			);
			runOnlyForDeploymentPostprocessing = 0;
		};
/* End PBXSourcesBuildPhase section */

/* Begin PBXTargetDependency section */
		100000000000000000000901 /* PBXTargetDependency */ = {
			isa = PBXTargetDependency;
			target = 100000000000000000000401 /* Feedman */;
			targetProxy = 100000000000000000000301 /* PBXContainerItemProxy */;
		};
/* End PBXTargetDependency section */

/* Begin XCBuildConfiguration section */
		100000000000000000001001 /* Debug */ = {
			isa = XCBuildConfiguration;
			buildSettings = {
				ALWAYS_SEARCH_USER_PATHS = NO;
				CLANG_ANALYZER_NONNULL = YES;
				CLANG_ANALYZER_NUMBER_OBJECT_CONVERSION = YES_AGGRESSIVE;
				CLANG_CXX_LANGUAGE_STANDARD = "gnu++20";
				CLANG_ENABLE_MODULES = YES;
				CLANG_ENABLE_OBJC_ARC = YES;
				CLANG_ENABLE_OBJC_WEAK = YES;
				CLANG_WARN_BLOCK_CAPTURE_AUTORELEASING = YES;
				CLANG_WARN_BOOL_CONVERSION = YES;
				CLANG_WARN_COMMA = YES;
				CLANG_WARN_CONSTANT_CONVERSION = YES;
				CLANG_WARN_DEPRECATED_OBJC_IMPLEMENTATIONS = YES;
				CLANG_WARN_DIRECT_OBJC_ISA_USAGE = YES_ERROR;
				CLANG_WARN_DOCUMENTATION_COMMENTS = YES;
				CLANG_WARN_EMPTY_BODY = YES;
				CLANG_WARN_ENUM_CONVERSION = YES;
				CLANG_WARN_INFINITE_RECURSION = YES;
				CLANG_WARN_INT_CONVERSION = YES;
				CLANG_WARN_NON_LITERAL_NULL_CONVERSION = YES;
				CLANG_WARN_OBJC_IMPLICIT_RETAIN_SELF = YES;
				CLANG_WARN_OBJC_LITERAL_CONVERSION = YES;
				CLANG_WARN_OBJC_ROOT_CLASS = YES_ERROR;
				CLANG_WARN_QUOTED_INCLUDE_IN_FRAMEWORK_HEADER = YES;
				CLANG_WARN_RANGE_LOOP_ANALYSIS = YES;
				CLANG_WARN_STRICT_PROTOTYPES = YES;
				CLANG_WARN_SUSPICIOUS_MOVE = YES;
				CLANG_WARN_UNGUARDED_AVAILABILITY = YES_AGGRESSIVE;
				CLANG_WARN_UNREACHABLE_CODE = YES;
				CLANG_WARN__DUPLICATE_METHOD_MATCH = YES;
				COPY_PHASE_STRIP = NO;
				DEBUG_INFORMATION_FORMAT = dwarf;
				ENABLE_STRICT_OBJC_MSGSEND = YES;
				ENABLE_TESTABILITY = YES;
				ENABLE_USER_SCRIPT_SANDBOXING = YES;
				GCC_C_LANGUAGE_STANDARD = gnu17;
				GCC_DYNAMIC_NO_PIC = NO;
				GCC_NO_COMMON_BLOCKS = YES;
				GCC_OPTIMIZATION_LEVEL = 0;
				GCC_PREPROCESSOR_DEFINITIONS = (
					"DEBUG=1",
					"$(inherited)",
				);
				GCC_WARN_64_TO_32_BIT_CONVERSION = YES;
				GCC_WARN_ABOUT_RETURN_TYPE = YES_ERROR;
				GCC_WARN_UNDECLARED_SELECTOR = YES;
				GCC_WARN_UNINITIALIZED_AUTOS = YES_AGGRESSIVE;
				GCC_WARN_UNUSED_FUNCTION = YES;
				GCC_WARN_UNUSED_VARIABLE = YES;
				IPHONEOS_DEPLOYMENT_TARGET = 16.0;
				MTL_ENABLE_DEBUG_INFO = INCLUDE_SOURCE;
				MTL_FAST_MATH = YES;
				ONLY_ACTIVE_ARCH = YES;
				SDKROOT = iphoneos;
				SWIFT_ACTIVE_COMPILATION_CONDITIONS = DEBUG;
				SWIFT_OPTIMIZATION_LEVEL = "-Onone";
			};
			name = Debug;
		};
		100000000000000000001002 /* Release */ = {
			isa = XCBuildConfiguration;
			buildSettings = {
				ALWAYS_SEARCH_USER_PATHS = NO;
				CLANG_ANALYZER_NONNULL = YES;
				CLANG_ANALYZER_NUMBER_OBJECT_CONVERSION = YES_AGGRESSIVE;
				CLANG_CXX_LANGUAGE_STANDARD = "gnu++20";
				CLANG_ENABLE_MODULES = YES;
				CLANG_ENABLE_OBJC_ARC = YES;
				CLANG_ENABLE_OBJC_WEAK = YES;
				CLANG_WARN_BLOCK_CAPTURE_AUTORELEASING = YES;
				CLANG_WARN_BOOL_CONVERSION = YES;
				CLANG_WARN_COMMA = YES;
				CLANG_WARN_CONSTANT_CONVERSION = YES;
				CLANG_WARN_DEPRECATED_OBJC_IMPLEMENTATIONS = YES;
				CLANG_WARN_DIRECT_OBJC_ISA_USAGE = YES_ERROR;
				CLANG_WARN_DOCUMENTATION_COMMENTS = YES;
				CLANG_WARN_EMPTY_BODY = YES;
				CLANG_WARN_ENUM_CONVERSION = YES;
				CLANG_WARN_INFINITE_RECURSION = YES;
				CLANG_WARN_INT_CONVERSION = YES;
				CLANG_WARN_NON_LITERAL_NULL_CONVERSION = YES;
				CLANG_WARN_OBJC_IMPLICIT_RETAIN_SELF = YES;
				CLANG_WARN_OBJC_LITERAL_CONVERSION = YES;
				CLANG_WARN_OBJC_ROOT_CLASS = YES_ERROR;
				CLANG_WARN_QUOTED_INCLUDE_IN_FRAMEWORK_HEADER = YES;
				CLANG_WARN_RANGE_LOOP_ANALYSIS = YES;
				CLANG_WARN_STRICT_PROTOTYPES = YES;
				CLANG_WARN_SUSPICIOUS_MOVE = YES;
				CLANG_WARN_UNGUARDED_AVAILABILITY = YES_AGGRESSIVE;
				CLANG_WARN_UNREACHABLE_CODE = YES;
				CLANG_WARN__DUPLICATE_METHOD_MATCH = YES;
				COPY_PHASE_STRIP = NO;
				DEBUG_INFORMATION_FORMAT = "dwarf-with-dsym";
				ENABLE_NS_ASSERTIONS = NO;
				ENABLE_STRICT_OBJC_MSGSEND = YES;
				ENABLE_USER_SCRIPT_SANDBOXING = YES;
				GCC_C_LANGUAGE_STANDARD = gnu17;
				GCC_NO_COMMON_BLOCKS = YES;
				GCC_WARN_64_TO_32_BIT_CONVERSION = YES;
				GCC_WARN_ABOUT_RETURN_TYPE = YES_ERROR;
				GCC_WARN_UNDECLARED_SELECTOR = YES;
				GCC_WARN_UNINITIALIZED_AUTOS = YES_AGGRESSIVE;
				GCC_WARN_UNUSED_FUNCTION = YES;
				GCC_WARN_UNUSED_VARIABLE = YES;
				IPHONEOS_DEPLOYMENT_TARGET = 16.0;
				MTL_ENABLE_DEBUG_INFO = NO;
				MTL_FAST_MATH = YES;
				SDKROOT = iphoneos;
				SWIFT_COMPILATION_MODE = wholemodule;
				VALIDATE_PRODUCT = YES;
			};
			name = Release;
		};
		100000000000000000001003 /* Debug */ = {
			isa = XCBuildConfiguration;
			buildSettings = {
				ASSETCATALOG_COMPILER_APPICON_NAME = AppIcon;
				CODE_SIGN_STYLE = Automatic;
				CURRENT_PROJECT_VERSION = 1;
				DEVELOPMENT_ASSET_PATHS = "\"Feedman/Preview Content\"";
				GENERATE_INFOPLIST_FILE = NO;
				INFOPLIST_FILE = Feedman/Info.plist;
				IPHONEOS_DEPLOYMENT_TARGET = 16.0;
				LD_RUNPATH_SEARCH_PATHS = (
					"$(inherited)",
					"@executable_path/Frameworks",
				);
				MARKETING_VERSION = 0.1.0;
				PRODUCT_BUNDLE_IDENTIFIER = com.hitoshiichikawa.feedman;
				PRODUCT_NAME = "$(TARGET_NAME)";
				SWIFT_EMIT_LOC_STRINGS = YES;
				SWIFT_VERSION = 5.0;
				TARGETED_DEVICE_FAMILY = 1;
			};
			name = Debug;
		};
		100000000000000000001004 /* Release */ = {
			isa = XCBuildConfiguration;
			buildSettings = {
				ASSETCATALOG_COMPILER_APPICON_NAME = AppIcon;
				CODE_SIGN_STYLE = Automatic;
				CURRENT_PROJECT_VERSION = 1;
				DEVELOPMENT_ASSET_PATHS = "\"Feedman/Preview Content\"";
				GENERATE_INFOPLIST_FILE = NO;
				INFOPLIST_FILE = Feedman/Info.plist;
				IPHONEOS_DEPLOYMENT_TARGET = 16.0;
				LD_RUNPATH_SEARCH_PATHS = (
					"$(inherited)",
					"@executable_path/Frameworks",
				);
				MARKETING_VERSION = 0.1.0;
				PRODUCT_BUNDLE_IDENTIFIER = com.hitoshiichikawa.feedman;
				PRODUCT_NAME = "$(TARGET_NAME)";
				SWIFT_EMIT_LOC_STRINGS = YES;
				SWIFT_VERSION = 5.0;
				TARGETED_DEVICE_FAMILY = 1;
			};
			name = Release;
		};
		100000000000000000001005 /* Debug */ = {
			isa = XCBuildConfiguration;
			buildSettings = {
				BUNDLE_LOADER = "$(TEST_HOST)";
				CODE_SIGN_STYLE = Automatic;
				CURRENT_PROJECT_VERSION = 1;
				GENERATE_INFOPLIST_FILE = YES;
				IPHONEOS_DEPLOYMENT_TARGET = 16.0;
				LD_RUNPATH_SEARCH_PATHS = (
					"$(inherited)",
					"@executable_path/Frameworks",
					"@loader_path/Frameworks",
				);
				MARKETING_VERSION = 0.1.0;
				PRODUCT_BUNDLE_IDENTIFIER = com.hitoshiichikawa.feedman.tests;
				PRODUCT_NAME = "$(TARGET_NAME)";
				SWIFT_VERSION = 5.0;
				TARGETED_DEVICE_FAMILY = 1;
				TEST_HOST = "$(BUILT_PRODUCTS_DIR)/Feedman.app/$(BUNDLE_EXECUTABLE_FOLDER_PATH)/Feedman";
			};
			name = Debug;
		};
		100000000000000000001006 /* Release */ = {
			isa = XCBuildConfiguration;
			buildSettings = {
				BUNDLE_LOADER = "$(TEST_HOST)";
				CODE_SIGN_STYLE = Automatic;
				CURRENT_PROJECT_VERSION = 1;
				GENERATE_INFOPLIST_FILE = YES;
				IPHONEOS_DEPLOYMENT_TARGET = 16.0;
				LD_RUNPATH_SEARCH_PATHS = (
					"$(inherited)",
					"@executable_path/Frameworks",
					"@loader_path/Frameworks",
				);
				MARKETING_VERSION = 0.1.0;
				PRODUCT_BUNDLE_IDENTIFIER = com.hitoshiichikawa.feedman.tests;
				PRODUCT_NAME = "$(TARGET_NAME)";
				SWIFT_VERSION = 5.0;
				TARGETED_DEVICE_FAMILY = 1;
				TEST_HOST = "$(BUILT_PRODUCTS_DIR)/Feedman.app/$(BUNDLE_EXECUTABLE_FOLDER_PATH)/Feedman";
			};
			name = Release;
		};
/* End XCBuildConfiguration section */

/* Begin XCConfigurationList section */
		100000000000000000000701 /* Build configuration list for PBXNativeTarget "Feedman" */ = {
			isa = XCConfigurationList;
			buildConfigurations = (
				100000000000000000001003 /* Debug */,
				100000000000000000001004 /* Release */,
			);
			defaultConfigurationIsVisible = 0;
			defaultConfigurationName = Release;
		};
		100000000000000000000702 /* Build configuration list for PBXNativeTarget "FeedmanTests" */ = {
			isa = XCConfigurationList;
			buildConfigurations = (
				100000000000000000001005 /* Debug */,
				100000000000000000001006 /* Release */,
			);
			defaultConfigurationIsVisible = 0;
			defaultConfigurationName = Release;
		};
		100000000000000000000703 /* Build configuration list for PBXProject "Feedman" */ = {
			isa = XCConfigurationList;
			buildConfigurations = (
				100000000000000000001001 /* Debug */,
				100000000000000000001002 /* Release */,
			);
			defaultConfigurationIsVisible = 0;
			defaultConfigurationName = Release;
		};
/* End XCConfigurationList section */
	};
	rootObject = 100000000000000000000001 /* Project object */;
}
